
Microsoft Visual Studio Solution File, Format Version 12.00
# Visual Studio Version 16
VisualStudioVersion = 16.0.34729.46
MinimumVisualStudioVersion = 10.0.40219.1
Project("{FAE04EC0-301F-11D3-BF4B-00C04F79EFBC}") = "MyImageProcessor", "MyImageProcessor\MyImageProcessor.csproj", "{F0961EF9-4CB4-4313-ACDF-125A266A4478}"
EndProject
Project("{8BC9CEB8-8B4A-11D0-8D11-00A0C91BC942}") = "CLRImageProcessing", "CLRImageProcessing\CLRImageProcessing.vcxproj", "{BDA18A08-3035-47DE-9B19-A7B77D79711C}"
EndProject
Global
	GlobalSection(SolutionConfigurationPlatforms) = preSolution
		Debug|Any CPU = Debug|Any CPU
		Debug|x64 = Debug|x64
		Debug|x86 = Debug|x86
		Release|Any CPU = Release|Any CPU
		Release|x64 = Release|x64
		Release|x86 = Release|x86
	EndGlobalSection
	GlobalSection(ProjectConfigurationPlatforms) = postSolution
		{F0961EF9-4CB4-4313-ACDF-125A266A4478}.Debug|Any CPU.ActiveCfg = Debug|Any CPU
		{F0961EF9-4CB4-4313-ACDF-125A266A4478}.Debug|Any CPU.Build.0 = Debug|Any CPU
		{F0961EF9-4CB4-4313-ACDF-125A266A4478}.Debug|x64.ActiveCfg = Debug|Any CPU
		{F0961EF9-4CB4-4313-ACDF-125A266A4478}.Debug|x64.Build.0 = Debug|Any CPU
		{F0961EF9-4CB4-4313-ACDF-125A266A4478}.Debug|x86.ActiveCfg = Debug|Any CPU
		{F0961EF9-4CB4-4313-ACDF-125A266A4478}.Debug|x86.Build.0 = Debug|Any CPU
		{F0961EF9-4CB4-4313-ACDF-125A266A4478}.Release|Any CPU.ActiveCfg = Release|Any CPU
		{F0961EF9-4CB4-4313-ACDF-125A266A4478}.Release|Any CPU.Build.0 = Release|Any CPU
		{F0961EF9-4CB4-4313-ACDF-125A266A4478}.Release|x64.ActiveCfg = Release|Any CPU
		{F0961EF9-4CB4-4313-ACDF-125A266A4478}.Release|x64.Build.0 = Release|Any CPU
		{F0961EF9-4CB4-4313-ACDF-125A266A4478}.Release|x86.ActiveCfg = Release|Any CPU
		{F0961EF9-4CB4-4313-ACDF-125A266A4478}.Release|x86.Build.0 = Release|Any CPU
		{BDA18A08-3035-47DE-9B19-A7B77D79711C}.Debug|Any CPU.ActiveCfg = Debug|Win32
		{BDA18A08-3035-47DE-9B19-A7B77D79711C}.Debug|x64.ActiveCfg = Debug|x64
		{BDA18A08-3035-47DE-9B19-A7B77D79711C}.Debug|x64.Build.0 = Debug|x64
		{BDA18A08-3035-47DE-9B19-A7B77D79711C}.Debug|x86.ActiveCfg = Debug|Win32
		{BDA18A08-3035-47DE-9B19-A7B77D79711C}.Debug|x86.Build.0 = Debug|Win32
		{BDA18A08-3035-47DE-9B19-A7B77D79711C}.Release|Any CPU.ActiveCfg = Release|Win32
		{BDA18A08-3035-47DE-9B19-A7B77D79711C}.Release|x64.ActiveCfg = Release|x64
		{BDA18A08-3035-47DE-9B19-A7B77D79711C}.Release|x64.Build.0 = Release|x64
		{BDA18A08-3035-47DE-9B19-A7B77D79711C}.Release|x86.ActiveCfg = Release|Win32
		{BDA18A08-3035-47DE-9B19-A7B77D79711C}.Release|x86.Build.0 = Release|Win32
	EndGlobalSection
	GlobalSection(SolutionProperties) = preSolution
		HideSolutionNode = FALSE
	EndGlobalSection
	GlobalSection(ExtensibilityGlobals) = postSolution
		SolutionGuid = {C3E207E6-DDD2-4BC5-86AC-452DD8C85411}
	EndGlobalSection
EndGlobal
